
Microsoft Visual Studio Solution File, Format Version 12.00
# Visual Studio Version 17
VisualStudioVersion = 17.1.32319.34
MinimumVisualStudioVersion = 10.0.40219.1
Project("{FAE04EC0-301F-11D3-BF4B-00C04F79EFBC}") = "snake", "snake\snake.csproj", "{2CA8F472-2090-4941-9173-F2FB29B2CA14}"
EndProject
Global
	GlobalSection(SolutionConfigurationPlatforms) = preSolution
		Debug|Any CPU = Debug|Any CPU
		Release|Any CPU = Release|Any CPU
	EndGlobalSection
	GlobalSection(ProjectConfigurationPlatforms) = postSolution
		{2CA8F472-2090-4941-9173-F2FB29B2CA14}.Debug|Any CPU.ActiveCfg = Debug|Any CPU
		{2CA8F472-2090-4941-9173-F2FB29B2CA14}.Debug|Any CPU.Build.0 = Debug|Any CPU
		{2CA8F472-2090-4941-9173-F2FB29B2CA14}.Release|Any CPU.ActiveCfg = Release|Any CPU
		{2CA8F472-2090-4941-9173-F2FB29B2CA14}.Release|Any CPU.Build.0 = Release|Any CPU
	EndGlobalSection
	GlobalSection(SolutionProperties) = preSolution
		HideSolutionNode = FALSE
	EndGlobalSection
	GlobalSection(ExtensibilityGlobals) = postSolution
		SolutionGuid = {4F2F4667-03B4-4968-8366-D1BB1A1D428B}
	EndGlobalSection
EndGlobal
